
Microsoft Visual Studio Solution File, Format Version 12.00
# Visual Studio Version 17
VisualStudioVersion = 17.5.33627.172
MinimumVisualStudioVersion = 10.0.40219.1
Project("{FAE04EC0-301F-11D3-BF4B-00C04F79EFBC}") = "devtips-backend.API", "devtips-backend.API\devtips-backend.API.csproj", "{5859A520-F42F-42C1-B00D-421C9879E96D}"
EndProject
Project("{FAE04EC0-301F-11D3-BF4B-00C04F79EFBC}") = "devtips-backend.Domain", "devtips-backend.Domain\devtips-backend.Domain.csproj", "{24700362-CCBA-45C4-B384-4504D73277E7}"
EndProject
Project("{FAE04EC0-301F-11D3-BF4B-00C04F79EFBC}") = "devtips-backend.Infrastructure", "devtips-backend.Infrastructure\devtips-backend.Infrastructure.csproj", "{631262BA-AAC8-460C-A8A7-B189B4AA6DA5}"
EndProject
Global
	GlobalSection(SolutionConfigurationPlatforms) = preSolution
		Debug|Any CPU = Debug|Any CPU
		Release|Any CPU = Release|Any CPU
	EndGlobalSection
	GlobalSection(ProjectConfigurationPlatforms) = postSolution
		{5859A520-F42F-42C1-B00D-421C9879E96D}.Debug|Any CPU.ActiveCfg = Debug|Any CPU
		{5859A520-F42F-42C1-B00D-421C9879E96D}.Debug|Any CPU.Build.0 = Debug|Any CPU
		{5859A520-F42F-42C1-B00D-421C9879E96D}.Release|Any CPU.ActiveCfg = Release|Any CPU
		{5859A520-F42F-42C1-B00D-421C9879E96D}.Release|Any CPU.Build.0 = Release|Any CPU
		{24700362-CCBA-45C4-B384-4504D73277E7}.Debug|Any CPU.ActiveCfg = Debug|Any CPU
		{24700362-CCBA-45C4-B384-4504D73277E7}.Debug|Any CPU.Build.0 = Debug|Any CPU
		{24700362-CCBA-45C4-B384-4504D73277E7}.Release|Any CPU.ActiveCfg = Release|Any CPU
		{24700362-CCBA-45C4-B384-4504D73277E7}.Release|Any CPU.Build.0 = Release|Any CPU
		{631262BA-AAC8-460C-A8A7-B189B4AA6DA5}.Debug|Any CPU.ActiveCfg = Debug|Any CPU
		{631262BA-AAC8-460C-A8A7-B189B4AA6DA5}.Debug|Any CPU.Build.0 = Debug|Any CPU
		{631262BA-AAC8-460C-A8A7-B189B4AA6DA5}.Release|Any CPU.ActiveCfg = Release|Any CPU
		{631262BA-AAC8-460C-A8A7-B189B4AA6DA5}.Release|Any CPU.Build.0 = Release|Any CPU
	EndGlobalSection
	GlobalSection(SolutionProperties) = preSolution
		HideSolutionNode = FALSE
	EndGlobalSection
	GlobalSection(ExtensibilityGlobals) = postSolution
		SolutionGuid = {837D87C5-35A9-44C6-83F9-86CBD8D4717C}
	EndGlobalSection
EndGlobal
